
Microsoft Visual Studio Solution File, Format Version 12.00
# Visual Studio Version 17
VisualStudioVersion = 17.3.32825.248
MinimumVisualStudioVersion = 10.0.40219.1
Project("{9A19103F-16F7-4668-BE54-9A1E7A4F7556}") = "AccountService.API", "AccountService.API\AccountService.API.csproj", "{69B36B96-1932-447E-B0D7-2466AAEA67B9}"
EndProject
Project("{9A19103F-16F7-4668-BE54-9A1E7A4F7556}") = "CustomerService.API", "CustomerService.API\CustomerService.API.csproj", "{9B6CF06A-84FB-419C-96BA-0B761F2EC749}"
EndProject
Project("{9A19103F-16F7-4668-BE54-9A1E7A4F7556}") = "TransactionService.API", "TransactionService.API\TransactionService.API.csproj", "{3B1DB973-36EA-41E1-8F2A-D53ADFFA209D}"
EndProject
Project("{2150E333-8FDC-42A3-9474-1A3956D46DE8}") = "src", "src", "{6DAC7BC9-91B3-4F29-BA68-C2F0F661E831}"
EndProject
Project("{2150E333-8FDC-42A3-9474-1A3956D46DE8}") = "test", "test", "{06146547-8C9A-4946-A474-69D20298C970}"
EndProject
Project("{2150E333-8FDC-42A3-9474-1A3956D46DE8}") = "API", "API", "{A07525E8-0672-4E5B-963A-CD8537C45931}"
EndProject
Project("{2150E333-8FDC-42A3-9474-1A3956D46DE8}") = "Core", "Core", "{0DD8C66D-BE80-4A08-97C8-486C5123BBB5}"
EndProject
Project("{2150E333-8FDC-42A3-9474-1A3956D46DE8}") = "Infrastructure", "Infrastructure", "{DE13559F-386F-473C-9A8B-F4BA4630D0A3}"
EndProject
Project("{FAE04EC0-301F-11D3-BF4B-00C04F79EFBC}") = "RJP.Domain", "RJP.Domain\RJP.Domain.csproj", "{CCEAC1DE-6A01-47EB-858F-2F38004D0D21}"
EndProject
Project("{FAE04EC0-301F-11D3-BF4B-00C04F79EFBC}") = "RJP.Application", "RJP.Application\RJP.Application.csproj", "{263E77D3-5FC3-4501-A8A1-DF770583B7AC}"
EndProject
Project("{FAE04EC0-301F-11D3-BF4B-00C04F79EFBC}") = "RJP.Persistence", "BSyncroRJP.Persistence\RJP.Persistence.csproj", "{5AA80333-701D-4330-8D1D-57C8A0BA8B1C}"
EndProject
Global
	GlobalSection(SolutionConfigurationPlatforms) = preSolution
		Debug|Any CPU = Debug|Any CPU
		Release|Any CPU = Release|Any CPU
	EndGlobalSection
	GlobalSection(ProjectConfigurationPlatforms) = postSolution
		{69B36B96-1932-447E-B0D7-2466AAEA67B9}.Debug|Any CPU.ActiveCfg = Debug|Any CPU
		{69B36B96-1932-447E-B0D7-2466AAEA67B9}.Debug|Any CPU.Build.0 = Debug|Any CPU
		{69B36B96-1932-447E-B0D7-2466AAEA67B9}.Release|Any CPU.ActiveCfg = Release|Any CPU
		{69B36B96-1932-447E-B0D7-2466AAEA67B9}.Release|Any CPU.Build.0 = Release|Any CPU
		{9B6CF06A-84FB-419C-96BA-0B761F2EC749}.Debug|Any CPU.ActiveCfg = Debug|Any CPU
		{9B6CF06A-84FB-419C-96BA-0B761F2EC749}.Debug|Any CPU.Build.0 = Debug|Any CPU
		{9B6CF06A-84FB-419C-96BA-0B761F2EC749}.Release|Any CPU.ActiveCfg = Release|Any CPU
		{9B6CF06A-84FB-419C-96BA-0B761F2EC749}.Release|Any CPU.Build.0 = Release|Any CPU
		{3B1DB973-36EA-41E1-8F2A-D53ADFFA209D}.Debug|Any CPU.ActiveCfg = Debug|Any CPU
		{3B1DB973-36EA-41E1-8F2A-D53ADFFA209D}.Debug|Any CPU.Build.0 = Debug|Any CPU
		{3B1DB973-36EA-41E1-8F2A-D53ADFFA209D}.Release|Any CPU.ActiveCfg = Release|Any CPU
		{3B1DB973-36EA-41E1-8F2A-D53ADFFA209D}.Release|Any CPU.Build.0 = Release|Any CPU
		{CCEAC1DE-6A01-47EB-858F-2F38004D0D21}.Debug|Any CPU.ActiveCfg = Debug|Any CPU
		{CCEAC1DE-6A01-47EB-858F-2F38004D0D21}.Debug|Any CPU.Build.0 = Debug|Any CPU
		{CCEAC1DE-6A01-47EB-858F-2F38004D0D21}.Release|Any CPU.ActiveCfg = Release|Any CPU
		{CCEAC1DE-6A01-47EB-858F-2F38004D0D21}.Release|Any CPU.Build.0 = Release|Any CPU
		{263E77D3-5FC3-4501-A8A1-DF770583B7AC}.Debug|Any CPU.ActiveCfg = Debug|Any CPU
		{263E77D3-5FC3-4501-A8A1-DF770583B7AC}.Debug|Any CPU.Build.0 = Debug|Any CPU
		{263E77D3-5FC3-4501-A8A1-DF770583B7AC}.Release|Any CPU.ActiveCfg = Release|Any CPU
		{263E77D3-5FC3-4501-A8A1-DF770583B7AC}.Release|Any CPU.Build.0 = Release|Any CPU
		{5AA80333-701D-4330-8D1D-57C8A0BA8B1C}.Debug|Any CPU.ActiveCfg = Debug|Any CPU
		{5AA80333-701D-4330-8D1D-57C8A0BA8B1C}.Debug|Any CPU.Build.0 = Debug|Any CPU
		{5AA80333-701D-4330-8D1D-57C8A0BA8B1C}.Release|Any CPU.ActiveCfg = Release|Any CPU
		{5AA80333-701D-4330-8D1D-57C8A0BA8B1C}.Release|Any CPU.Build.0 = Release|Any CPU
	EndGlobalSection
	GlobalSection(SolutionProperties) = preSolution
		HideSolutionNode = FALSE
	EndGlobalSection
	GlobalSection(NestedProjects) = preSolution
		{69B36B96-1932-447E-B0D7-2466AAEA67B9} = {A07525E8-0672-4E5B-963A-CD8537C45931}
		{9B6CF06A-84FB-419C-96BA-0B761F2EC749} = {A07525E8-0672-4E5B-963A-CD8537C45931}
		{3B1DB973-36EA-41E1-8F2A-D53ADFFA209D} = {A07525E8-0672-4E5B-963A-CD8537C45931}
		{A07525E8-0672-4E5B-963A-CD8537C45931} = {6DAC7BC9-91B3-4F29-BA68-C2F0F661E831}
		{0DD8C66D-BE80-4A08-97C8-486C5123BBB5} = {6DAC7BC9-91B3-4F29-BA68-C2F0F661E831}
		{DE13559F-386F-473C-9A8B-F4BA4630D0A3} = {6DAC7BC9-91B3-4F29-BA68-C2F0F661E831}
		{CCEAC1DE-6A01-47EB-858F-2F38004D0D21} = {0DD8C66D-BE80-4A08-97C8-486C5123BBB5}
		{263E77D3-5FC3-4501-A8A1-DF770583B7AC} = {0DD8C66D-BE80-4A08-97C8-486C5123BBB5}
		{5AA80333-701D-4330-8D1D-57C8A0BA8B1C} = {DE13559F-386F-473C-9A8B-F4BA4630D0A3}
	EndGlobalSection
	GlobalSection(ExtensibilityGlobals) = postSolution
		SolutionGuid = {EE27AF56-FB3B-4139-A24F-C131A9B72AEC}
	EndGlobalSection
EndGlobal
